// !$*UTF8*$!
{
	archiveVersion = 1;
	classes = {
	};
	objectVersion = 55;
	objects = {

/* Begin PBXBuildFile section */
		CE884CDD27DCF8B500513A73 /* AppDelegate.swift in Sources */ = {isa = PBXBuildFile; fileRef = CE884CDC27DCF8B500513A73 /* AppDelegate.swift */; };
		CE884CDF27DCF8B500513A73 /* SceneDelegate.swift in Sources */ = {isa = PBXBuildFile; fileRef = CE884CDE27DCF8B500513A73 /* SceneDelegate.swift */; };
		CE884CE127DCF8B500513A73 /* ContactListViewController.swift in Sources */ = {isa = PBXBuildFile; fileRef = CE884CE027DCF8B500513A73 /* ContactListViewController.swift */; };
		CE884CE427DCF8B500513A73 /* Main.storyboard in Resources */ = {isa = PBXBuildFile; fileRef = CE884CE227DCF8B500513A73 /* Main.storyboard */; };
		CE884CE627DCF8B600513A73 /* Assets.xcassets in Resources */ = {isa = PBXBuildFile; fileRef = CE884CE527DCF8B600513A73 /* Assets.xcassets */; };
		CE884CE927DCF8B600513A73 /* LaunchScreen.storyboard in Resources */ = {isa = PBXBuildFile; fileRef = CE884CE727DCF8B600513A73 /* LaunchScreen.storyboard */; };
		CE884CF127DCFF3500513A73 /* ContactTableViewCell.swift in Sources */ = {isa = PBXBuildFile; fileRef = CE884CF027DCFF3500513A73 /* ContactTableViewCell.swift */; };
		CE884CF327DD000900513A73 /* NewContactViewController.swift in Sources */ = {isa = PBXBuildFile; fileRef = CE884CF227DD000900513A73 /* NewContactViewController.swift */; };
		CE884CF527DD029E00513A73 /* Contact.swift in Sources */ = {isa = PBXBuildFile; fileRef = CE884CF427DD029E00513A73 /* Contact.swift */; };
		CE884CF727DD257700513A73 /* StorageManager.swift in Sources */ = {isa = PBXBuildFile; fileRef = CE884CF627DD257700513A73 /* StorageManager.swift */; };
/* End PBXBuildFile section */

/* Begin PBXFileReference section */
		CE884CD927DCF8B500513A73 /* UserDefaults_test.app */ = {isa = PBXFileReference; explicitFileType = wrapper.application; includeInIndex = 0; path = UserDefaults_test.app; sourceTree = BUILT_PRODUCTS_DIR; };
		CE884CDC27DCF8B500513A73 /* AppDelegate.swift */ = {isa = PBXFileReference; lastKnownFileType = sourcecode.swift; path = AppDelegate.swift; sourceTree = "<group>"; };
		CE884CDE27DCF8B500513A73 /* SceneDelegate.swift */ = {isa = PBXFileReference; lastKnownFileType = sourcecode.swift; path = SceneDelegate.swift; sourceTree = "<group>"; };
		CE884CE027DCF8B500513A73 /* ContactListViewController.swift */ = {isa = PBXFileReference; lastKnownFileType = sourcecode.swift; path = ContactListViewController.swift; sourceTree = "<group>"; };
		CE884CE327DCF8B500513A73 /* Base */ = {isa = PBXFileReference; lastKnownFileType = file.storyboard; name = Base; path = Base.lproj/Main.storyboard; sourceTree = "<group>"; };
		CE884CE527DCF8B600513A73 /* Assets.xcassets */ = {isa = PBXFileReference; lastKnownFileType = folder.assetcatalog; path = Assets.xcassets; sourceTree = "<group>"; };
		CE884CE827DCF8B600513A73 /* Base */ = {isa = PBXFileReference; lastKnownFileType = file.storyboard; name = Base; path = Base.lproj/LaunchScreen.storyboard; sourceTree = "<group>"; };
		CE884CEA27DCF8B600513A73 /* Info.plist */ = {isa = PBXFileReference; lastKnownFileType = text.plist.xml; path = Info.plist; sourceTree = "<group>"; };
		CE884CF027DCFF3500513A73 /* ContactTableViewCell.swift */ = {isa = PBXFileReference; lastKnownFileType = sourcecode.swift; path = ContactTableViewCell.swift; sourceTree = "<group>"; };
		CE884CF227DD000900513A73 /* NewContactViewController.swift */ = {isa = PBXFileReference; lastKnownFileType = sourcecode.swift; path = NewContactViewController.swift; sourceTree = "<group>"; };
		CE884CF427DD029E00513A73 /* Contact.swift */ = {isa = PBXFileReference; lastKnownFileType = sourcecode.swift; path = Contact.swift; sourceTree = "<group>"; };
		CE884CF627DD257700513A73 /* StorageManager.swift */ = {isa = PBXFileReference; lastKnownFileType = sourcecode.swift; path = StorageManager.swift; sourceTree = "<group>"; };
/* End PBXFileReference section */

/* Begin PBXFrameworksBuildPhase section */
		CE884CD627DCF8B500513A73 /* Frameworks */ = {
			isa = PBXFrameworksBuildPhase;
			buildActionMask = 2147483647;
			files = (
			);
			runOnlyForDeploymentPostprocessing = 0;
		};
/* End PBXFrameworksBuildPhase section */

/* Begin PBXGroup section */
		CE884CD027DCF8B500513A73 = {
			isa = PBXGroup;
			children = (
				CE884CDB27DCF8B500513A73 /* UserDefaults_test */,
				CE884CDA27DCF8B500513A73 /* Products */,
			);
			sourceTree = "<group>";
		};
		CE884CDA27DCF8B500513A73 /* Products */ = {
			isa = PBXGroup;
			children = (
				CE884CD927DCF8B500513A73 /* UserDefaults_test.app */,
			);
			name = Products;
			sourceTree = "<group>";
		};
		CE884CDB27DCF8B500513A73 /* UserDefaults_test */ = {
			isa = PBXGroup;
			children = (
				CE884CF927DD38A700513A73 /* ViewControllers */,
				CE884CFA27DD38B700513A73 /* StorageManager */,
				CE884CF827DD389400513A73 /* Model */,
				CE884CFB27DD38C900513A73 /* View */,
				CE884CFD27DD38EB00513A73 /* App */,
				CE884CFC27DD38DC00513A73 /* Storyboards */,
				CE884CE527DCF8B600513A73 /* Assets.xcassets */,
				CE884CEA27DCF8B600513A73 /* Info.plist */,
			);
			path = UserDefaults_test;
			sourceTree = "<group>";
		};
		CE884CF827DD389400513A73 /* Model */ = {
			isa = PBXGroup;
			children = (
				CE884CF427DD029E00513A73 /* Contact.swift */,
			);
			name = Model;
			sourceTree = "<group>";
		};
		CE884CF927DD38A700513A73 /* ViewControllers */ = {
			isa = PBXGroup;
			children = (
				CE884CE027DCF8B500513A73 /* ContactListViewController.swift */,
				CE884CF227DD000900513A73 /* NewContactViewController.swift */,
			);
			name = ViewControllers;
			sourceTree = "<group>";
		};
		CE884CFA27DD38B700513A73 /* StorageManager */ = {
			isa = PBXGroup;
			children = (
				CE884CF627DD257700513A73 /* StorageManager.swift */,
			);
			name = StorageManager;
			sourceTree = "<group>";
		};
		CE884CFB27DD38C900513A73 /* View */ = {
			isa = PBXGroup;
			children = (
				CE884CF027DCFF3500513A73 /* ContactTableViewCell.swift */,
			);
			name = View;
			sourceTree = "<group>";
		};
		CE884CFC27DD38DC00513A73 /* Storyboards */ = {
			isa = PBXGroup;
			children = (
				CE884CE227DCF8B500513A73 /* Main.storyboard */,
				CE884CE727DCF8B600513A73 /* LaunchScreen.storyboard */,
			);
			name = Storyboards;
			sourceTree = "<group>";
		};
		CE884CFD27DD38EB00513A73 /* App */ = {
			isa = PBXGroup;
			children = (
				CE884CDC27DCF8B500513A73 /* AppDelegate.swift */,
				CE884CDE27DCF8B500513A73 /* SceneDelegate.swift */,
			);
			name = App;
			sourceTree = "<group>";
		};
/* End PBXGroup section */

/* Begin PBXNativeTarget section */
		CE884CD827DCF8B500513A73 /* UserDefaults_test */ = {
			isa = PBXNativeTarget;
			buildConfigurationList = CE884CED27DCF8B600513A73 /* Build configuration list for PBXNativeTarget "UserDefaults_test" */;
			buildPhases = (
				CE884CD527DCF8B500513A73 /* Sources */,
				CE884CD627DCF8B500513A73 /* Frameworks */,
				CE884CD727DCF8B500513A73 /* Resources */,
			);
			buildRules = (
			);
			dependencies = (
			);
			name = UserDefaults_test;
			productName = UserDefaults_test;
			productReference = CE884CD927DCF8B500513A73 /* UserDefaults_test.app */;
			productType = "com.apple.product-type.application";
		};
/* End PBXNativeTarget section */

/* Begin PBXProject section */
		CE884CD127DCF8B500513A73 /* Project object */ = {
			isa = PBXProject;
			attributes = {
				BuildIndependentTargetsInParallel = 1;
				LastSwiftUpdateCheck = 1310;
				LastUpgradeCheck = 1310;
				TargetAttributes = {
					CE884CD827DCF8B500513A73 = {
						CreatedOnToolsVersion = 13.1;
					};
				};
			};
			buildConfigurationList = CE884CD427DCF8B500513A73 /* Build configuration list for PBXProject "UserDefaults_test" */;
			compatibilityVersion = "Xcode 13.0";
			developmentRegion = en;
			hasScannedForEncodings = 0;
			knownRegions = (
				en,
				Base,
			);
			mainGroup = CE884CD027DCF8B500513A73;
			productRefGroup = CE884CDA27DCF8B500513A73 /* Products */;
			projectDirPath = "";
			projectRoot = "";
			targets = (
				CE884CD827DCF8B500513A73 /* UserDefaults_test */,
			);
		};
/* End PBXProject section */

/* Begin PBXResourcesBuildPhase section */
		CE884CD727DCF8B500513A73 /* Resources */ = {
			isa = PBXResourcesBuildPhase;
			buildActionMask = 2147483647;
			files = (
				CE884CE927DCF8B600513A73 /* LaunchScreen.storyboard in Resources */,
				CE884CE627DCF8B600513A73 /* Assets.xcassets in Resources */,
				CE884CE427DCF8B500513A73 /* Main.storyboard in Resources */,
			);
			runOnlyForDeploymentPostprocessing = 0;
		};
/* End PBXResourcesBuildPhase section */

/* Begin PBXSourcesBuildPhase section */
		CE884CD527DCF8B500513A73 /* Sources */ = {
			isa = PBXSourcesBuildPhase;
			buildActionMask = 2147483647;
			files = (
				CE884CF127DCFF3500513A73 /* ContactTableViewCell.swift in Sources */,
				CE884CF327DD000900513A73 /* NewContactViewController.swift in Sources */,
				CE884CE127DCF8B500513A73 /* ContactListViewController.swift in Sources */,
				CE884CF727DD257700513A73 /* StorageManager.swift in Sources */,
				CE884CF527DD029E00513A73 /* Contact.swift in Sources */,
				CE884CDD27DCF8B500513A73 /* AppDelegate.swift in Sources */,
				CE884CDF27DCF8B500513A73 /* SceneDelegate.swift in Sources */,
			);
			runOnlyForDeploymentPostprocessing = 0;
		};
/* End PBXSourcesBuildPhase section */

/* Begin PBXVariantGroup section */
		CE884CE227DCF8B500513A73 /* Main.storyboard */ = {
			isa = PBXVariantGroup;
			children = (
				CE884CE327DCF8B500513A73 /* Base */,
			);
			name = Main.storyboard;
			sourceTree = "<group>";
		};
		CE884CE727DCF8B600513A73 /* LaunchScreen.storyboard */ = {
			isa = PBXVariantGroup;
			children = (
				CE884CE827DCF8B600513A73 /* Base */,
			);
			name = LaunchScreen.storyboard;
			sourceTree = "<group>";
		};
/* End PBXVariantGroup section */

/* Begin XCBuildConfiguration section */
		CE884CEB27DCF8B600513A73 /* Debug */ = {
			isa = XCBuildConfiguration;
			buildSettings = {
				ALWAYS_SEARCH_USER_PATHS = NO;
				CLANG_ANALYZER_NONNULL = YES;
				CLANG_ANALYZER_NUMBER_OBJECT_CONVERSION = YES_AGGRESSIVE;
				CLANG_CXX_LANGUAGE_STANDARD = "gnu++17";
				CLANG_CXX_LIBRARY = "libc++";
				CLANG_ENABLE_MODULES = YES;
				CLANG_ENABLE_OBJC_ARC = YES;
				CLANG_ENABLE_OBJC_WEAK = YES;
				CLANG_WARN_BLOCK_CAPTURE_AUTORELEASING = YES;
				CLANG_WARN_BOOL_CONVERSION = YES;
				CLANG_WARN_COMMA = YES;
				CLANG_WARN_CONSTANT_CONVERSION = YES;
				CLANG_WARN_DEPRECATED_OBJC_IMPLEMENTATIONS = YES;
				CLANG_WARN_DIRECT_OBJC_ISA_USAGE = YES_ERROR;
				CLANG_WARN_DOCUMENTATION_COMMENTS = YES;
				CLANG_WARN_EMPTY_BODY = YES;
				CLANG_WARN_ENUM_CONVERSION = YES;
				CLANG_WARN_INFINITE_RECURSION = YES;
				CLANG_WARN_INT_CONVERSION = YES;
				CLANG_WARN_NON_LITERAL_NULL_CONVERSION = YES;
				CLANG_WARN_OBJC_IMPLICIT_RETAIN_SELF = YES;
				CLANG_WARN_OBJC_LITERAL_CONVERSION = YES;
				CLANG_WARN_OBJC_ROOT_CLASS = YES_ERROR;
				CLANG_WARN_QUOTED_INCLUDE_IN_FRAMEWORK_HEADER = YES;
				CLANG_WARN_RANGE_LOOP_ANALYSIS = YES;
				CLANG_WARN_STRICT_PROTOTYPES = YES;
				CLANG_WARN_SUSPICIOUS_MOVE = YES;
				CLANG_WARN_UNGUARDED_AVAILABILITY = YES_AGGRESSIVE;
				CLANG_WARN_UNREACHABLE_CODE = YES;
				CLANG_WARN__DUPLICATE_METHOD_MATCH = YES;
				COPY_PHASE_STRIP = NO;
				DEBUG_INFORMATION_FORMAT = dwarf;
				ENABLE_STRICT_OBJC_MSGSEND = YES;
				ENABLE_TESTABILITY = YES;
				GCC_C_LANGUAGE_STANDARD = gnu11;
				GCC_DYNAMIC_NO_PIC = NO;
				GCC_NO_COMMON_BLOCKS = YES;
				GCC_OPTIMIZATION_LEVEL = 0;
				GCC_PREPROCESSOR_DEFINITIONS = (
					"DEBUG=1",
					"$(inherited)",
				);
				GCC_WARN_64_TO_32_BIT_CONVERSION = YES;
				GCC_WARN_ABOUT_RETURN_TYPE = YES_ERROR;
				GCC_WARN_UNDECLARED_SELECTOR = YES;
				GCC_WARN_UNINITIALIZED_AUTOS = YES_AGGRESSIVE;
				GCC_WARN_UNUSED_FUNCTION = YES;
				GCC_WARN_UNUSED_VARIABLE = YES;
				IPHONEOS_DEPLOYMENT_TARGET = 15.0;
				MTL_ENABLE_DEBUG_INFO = INCLUDE_SOURCE;
				MTL_FAST_MATH = YES;
				ONLY_ACTIVE_ARCH = YES;
				SDKROOT = iphoneos;
				SWIFT_ACTIVE_COMPILATION_CONDITIONS = DEBUG;
				SWIFT_OPTIMIZATION_LEVEL = "-Onone";
			};
			name = Debug;
		};
		CE884CEC27DCF8B600513A73 /* Release */ = {
			isa = XCBuildConfiguration;
			buildSettings = {
				ALWAYS_SEARCH_USER_PATHS = NO;
				CLANG_ANALYZER_NONNULL = YES;
				CLANG_ANALYZER_NUMBER_OBJECT_CONVERSION = YES_AGGRESSIVE;
				CLANG_CXX_LANGUAGE_STANDARD = "gnu++17";
				CLANG_CXX_LIBRARY = "libc++";
				CLANG_ENABLE_MODULES = YES;
				CLANG_ENABLE_OBJC_ARC = YES;
				CLANG_ENABLE_OBJC_WEAK = YES;
				CLANG_WARN_BLOCK_CAPTURE_AUTORELEASING = YES;
				CLANG_WARN_BOOL_CONVERSION = YES;
				CLANG_WARN_COMMA = YES;
				CLANG_WARN_CONSTANT_CONVERSION = YES;
				CLANG_WARN_DEPRECATED_OBJC_IMPLEMENTATIONS = YES;
				CLANG_WARN_DIRECT_OBJC_ISA_USAGE = YES_ERROR;
				CLANG_WARN_DOCUMENTATION_COMMENTS = YES;
				CLANG_WARN_EMPTY_BODY = YES;
				CLANG_WARN_ENUM_CONVERSION = YES;
				CLANG_WARN_INFINITE_RECURSION = YES;
				CLANG_WARN_INT_CONVERSION = YES;
				CLANG_WARN_NON_LITERAL_NULL_CONVERSION = YES;
				CLANG_WARN_OBJC_IMPLICIT_RETAIN_SELF = YES;
				CLANG_WARN_OBJC_LITERAL_CONVERSION = YES;
				CLANG_WARN_OBJC_ROOT_CLASS = YES_ERROR;
				CLANG_WARN_QUOTED_INCLUDE_IN_FRAMEWORK_HEADER = YES;
				CLANG_WARN_RANGE_LOOP_ANALYSIS = YES;
				CLANG_WARN_STRICT_PROTOTYPES = YES;
				CLANG_WARN_SUSPICIOUS_MOVE = YES;
				CLANG_WARN_UNGUARDED_AVAILABILITY = YES_AGGRESSIVE;
				CLANG_WARN_UNREACHABLE_CODE = YES;
				CLANG_WARN__DUPLICATE_METHOD_MATCH = YES;
				COPY_PHASE_STRIP = NO;
				DEBUG_INFORMATION_FORMAT = "dwarf-with-dsym";
				ENABLE_NS_ASSERTIONS = NO;
				ENABLE_STRICT_OBJC_MSGSEND = YES;
				GCC_C_LANGUAGE_STANDARD = gnu11;
				GCC_NO_COMMON_BLOCKS = YES;
				GCC_WARN_64_TO_32_BIT_CONVERSION = YES;
				GCC_WARN_ABOUT_RETURN_TYPE = YES_ERROR;
				GCC_WARN_UNDECLARED_SELECTOR = YES;
				GCC_WARN_UNINITIALIZED_AUTOS = YES_AGGRESSIVE;
				GCC_WARN_UNUSED_FUNCTION = YES;
				GCC_WARN_UNUSED_VARIABLE = YES;
				IPHONEOS_DEPLOYMENT_TARGET = 15.0;
				MTL_ENABLE_DEBUG_INFO = NO;
				MTL_FAST_MATH = YES;
				SDKROOT = iphoneos;
				SWIFT_COMPILATION_MODE = wholemodule;
				SWIFT_OPTIMIZATION_LEVEL = "-O";
				VALIDATE_PRODUCT = YES;
			};
			name = Release;
		};
		CE884CEE27DCF8B600513A73 /* Debug */ = {
			isa = XCBuildConfiguration;
			buildSettings = {
				ASSETCATALOG_COMPILER_APPICON_NAME = AppIcon;
				ASSETCATALOG_COMPILER_GLOBAL_ACCENT_COLOR_NAME = AccentColor;
				CODE_SIGN_STYLE = Automatic;
				CURRENT_PROJECT_VERSION = 1;
				GENERATE_INFOPLIST_FILE = YES;
				INFOPLIST_FILE = UserDefaults_test/Info.plist;
				INFOPLIST_KEY_UIApplicationSupportsIndirectInputEvents = YES;
				INFOPLIST_KEY_UILaunchStoryboardName = LaunchScreen;
				INFOPLIST_KEY_UIMainStoryboardFile = Main;
				INFOPLIST_KEY_UISupportedInterfaceOrientations_iPad = "UIInterfaceOrientationPortrait UIInterfaceOrientationPortraitUpsideDown UIInterfaceOrientationLandscapeLeft UIInterfaceOrientationLandscapeRight";
				INFOPLIST_KEY_UISupportedInterfaceOrientations_iPhone = "UIInterfaceOrientationPortrait UIInterfaceOrientationLandscapeLeft UIInterfaceOrientationLandscapeRight";
				LD_RUNPATH_SEARCH_PATHS = (
					"$(inherited)",
					"@executable_path/Frameworks",
				);
				MARKETING_VERSION = 1.0;
				PRODUCT_BUNDLE_IDENTIFIER = "AlexeyBychinin.UserDefaults-test";
				PRODUCT_NAME = "$(TARGET_NAME)";
				SWIFT_EMIT_LOC_STRINGS = YES;
				SWIFT_VERSION = 5.0;
				TARGETED_DEVICE_FAMILY = "1,2";
			};
			name = Debug;
		};
		CE884CEF27DCF8B600513A73 /* Release */ = {
			isa = XCBuildConfiguration;
			buildSettings = {
				ASSETCATALOG_COMPILER_APPICON_NAME = AppIcon;
				ASSETCATALOG_COMPILER_GLOBAL_ACCENT_COLOR_NAME = AccentColor;
				CODE_SIGN_STYLE = Automatic;
				CURRENT_PROJECT_VERSION = 1;
				GENERATE_INFOPLIST_FILE = YES;
				INFOPLIST_FILE = UserDefaults_test/Info.plist;
				INFOPLIST_KEY_UIApplicationSupportsIndirectInputEvents = YES;
				INFOPLIST_KEY_UILaunchStoryboardName = LaunchScreen;
				INFOPLIST_KEY_UIMainStoryboardFile = Main;
				INFOPLIST_KEY_UISupportedInterfaceOrientations_iPad = "UIInterfaceOrientationPortrait UIInterfaceOrientationPortraitUpsideDown UIInterfaceOrientationLandscapeLeft UIInterfaceOrientationLandscapeRight";
				INFOPLIST_KEY_UISupportedInterfaceOrientations_iPhone = "UIInterfaceOrientationPortrait UIInterfaceOrientationLandscapeLeft UIInterfaceOrientationLandscapeRight";
				LD_RUNPATH_SEARCH_PATHS = (
					"$(inherited)",
					"@executable_path/Frameworks",
				);
				MARKETING_VERSION = 1.0;
				PRODUCT_BUNDLE_IDENTIFIER = "AlexeyBychinin.UserDefaults-test";
				PRODUCT_NAME = "$(TARGET_NAME)";
				SWIFT_EMIT_LOC_STRINGS = YES;
				SWIFT_VERSION = 5.0;
				TARGETED_DEVICE_FAMILY = "1,2";
			};
			name = Release;
		};
/* End XCBuildConfiguration section */

/* Begin XCConfigurationList section */
		CE884CD427DCF8B500513A73 /* Build configuration list for PBXProject "UserDefaults_test" */ = {
			isa = XCConfigurationList;
			buildConfigurations = (
				CE884CEB27DCF8B600513A73 /* Debug */,
				CE884CEC27DCF8B600513A73 /* Release */,
			);
			defaultConfigurationIsVisible = 0;
			defaultConfigurationName = Release;
		};
		CE884CED27DCF8B600513A73 /* Build configuration list for PBXNativeTarget "UserDefaults_test" */ = {
			isa = XCConfigurationList;
			buildConfigurations = (
				CE884CEE27DCF8B600513A73 /* Debug */,
				CE884CEF27DCF8B600513A73 /* Release */,
			);
			defaultConfigurationIsVisible = 0;
			defaultConfigurationName = Release;
		};
/* End XCConfigurationList section */
	};
	rootObject = CE884CD127DCF8B500513A73 /* Project object */;
}
